
Microsoft Visual Studio Solution File, Format Version 12.00
# Visual Studio Version 17
VisualStudioVersion = 17.10.35013.160
MinimumVisualStudioVersion = 10.0.40219.1
Project("{FAE04EC0-301F-11D3-BF4B-00C04F79EFBC}") = "SportNetwork", "SportNetwork\SportNetwork.csproj", "{E4EC9C4C-09B2-4CF3-BAE2-C60F01D028FE}"
EndProject
Project("{FAE04EC0-301F-11D3-BF4B-00C04F79EFBC}") = "Repositorys", "Repositorys\Repositorys.csproj", "{634B9B31-B67A-4964-877F-1B395EF1AC49}"
EndProject
Project("{FAE04EC0-301F-11D3-BF4B-00C04F79EFBC}") = "Service", "Service\Service.csproj", "{88495C35-CBB5-4ACA-ABA9-BD97741A4C0A}"
EndProject
Project("{FAE04EC0-301F-11D3-BF4B-00C04F79EFBC}") = "Common", "Common\Common.csproj", "{70708A5C-60FE-477C-9E1F-6B5409BADA04}"
EndProject
Global
	GlobalSection(SolutionConfigurationPlatforms) = preSolution
		Debug|Any CPU = Debug|Any CPU
		Release|Any CPU = Release|Any CPU
	EndGlobalSection
	GlobalSection(ProjectConfigurationPlatforms) = postSolution
		{E4EC9C4C-09B2-4CF3-BAE2-C60F01D028FE}.Debug|Any CPU.ActiveCfg = Debug|Any CPU
		{E4EC9C4C-09B2-4CF3-BAE2-C60F01D028FE}.Debug|Any CPU.Build.0 = Debug|Any CPU
		{E4EC9C4C-09B2-4CF3-BAE2-C60F01D028FE}.Release|Any CPU.ActiveCfg = Release|Any CPU
		{E4EC9C4C-09B2-4CF3-BAE2-C60F01D028FE}.Release|Any CPU.Build.0 = Release|Any CPU
		{634B9B31-B67A-4964-877F-1B395EF1AC49}.Debug|Any CPU.ActiveCfg = Debug|Any CPU
		{634B9B31-B67A-4964-877F-1B395EF1AC49}.Debug|Any CPU.Build.0 = Debug|Any CPU
		{634B9B31-B67A-4964-877F-1B395EF1AC49}.Release|Any CPU.ActiveCfg = Release|Any CPU
		{634B9B31-B67A-4964-877F-1B395EF1AC49}.Release|Any CPU.Build.0 = Release|Any CPU
		{88495C35-CBB5-4ACA-ABA9-BD97741A4C0A}.Debug|Any CPU.ActiveCfg = Debug|Any CPU
		{88495C35-CBB5-4ACA-ABA9-BD97741A4C0A}.Debug|Any CPU.Build.0 = Debug|Any CPU
		{88495C35-CBB5-4ACA-ABA9-BD97741A4C0A}.Release|Any CPU.ActiveCfg = Release|Any CPU
		{88495C35-CBB5-4ACA-ABA9-BD97741A4C0A}.Release|Any CPU.Build.0 = Release|Any CPU
		{70708A5C-60FE-477C-9E1F-6B5409BADA04}.Debug|Any CPU.ActiveCfg = Debug|Any CPU
		{70708A5C-60FE-477C-9E1F-6B5409BADA04}.Debug|Any CPU.Build.0 = Debug|Any CPU
		{70708A5C-60FE-477C-9E1F-6B5409BADA04}.Release|Any CPU.ActiveCfg = Release|Any CPU
		{70708A5C-60FE-477C-9E1F-6B5409BADA04}.Release|Any CPU.Build.0 = Release|Any CPU
	EndGlobalSection
	GlobalSection(SolutionProperties) = preSolution
		HideSolutionNode = FALSE
	EndGlobalSection
	GlobalSection(ExtensibilityGlobals) = postSolution
		SolutionGuid = {AB0098B0-C240-4234-9E0C-3F9B4EC59B60}
	EndGlobalSection
EndGlobal
